
Microsoft Visual Studio Solution File, Format Version 12.00
# Visual Studio 2013
VisualStudioVersion = 12.0.21005.1
MinimumVisualStudioVersion = 10.0.40219.1
Project("{8BC9CEB8-8B4A-11D0-8D11-00A0C91BC942}") = "模拟实现带头双向循环链表", "模拟实现带头双向循环链表\模拟实现带头双向循环链表.vcxproj", "{F58B538F-E05B-4504-858D-3A4F114E8DC5}"
EndProject
Global
	GlobalSection(SolutionConfigurationPlatforms) = preSolution
		Debug|Win32 = Debug|Win32
		Release|Win32 = Release|Win32
	EndGlobalSection
	GlobalSection(ProjectConfigurationPlatforms) = postSolution
		{F58B538F-E05B-4504-858D-3A4F114E8DC5}.Debug|Win32.ActiveCfg = Debug|Win32
		{F58B538F-E05B-4504-858D-3A4F114E8DC5}.Debug|Win32.Build.0 = Debug|Win32
		{F58B538F-E05B-4504-858D-3A4F114E8DC5}.Release|Win32.ActiveCfg = Release|Win32
		{F58B538F-E05B-4504-858D-3A4F114E8DC5}.Release|Win32.Build.0 = Release|Win32
	EndGlobalSection
	GlobalSection(SolutionProperties) = preSolution
		HideSolutionNode = FALSE
	EndGlobalSection
EndGlobal
